
Microsoft Visual Studio Solution File, Format Version 12.00
# Visual Studio 15
VisualStudioVersion = 15.0.28307.489
MinimumVisualStudioVersion = 10.0.40219.1
Project("{FAE04EC0-301F-11D3-BF4B-00C04F79EFBC}") = "BitbucketIssueTransfer", "BitbucketIssueTransfer\BitbucketIssueTransfer.csproj", "{7A8BFB12-7310-4F4B-AB59-6DC1100BEC69}"
EndProject
Global
	GlobalSection(SolutionConfigurationPlatforms) = preSolution
		Debug|Any CPU = Debug|Any CPU
		Release|Any CPU = Release|Any CPU
	EndGlobalSection
	GlobalSection(ProjectConfigurationPlatforms) = postSolution
		{7A8BFB12-7310-4F4B-AB59-6DC1100BEC69}.Debug|Any CPU.ActiveCfg = Debug|Any CPU
		{7A8BFB12-7310-4F4B-AB59-6DC1100BEC69}.Debug|Any CPU.Build.0 = Debug|Any CPU
		{7A8BFB12-7310-4F4B-AB59-6DC1100BEC69}.Release|Any CPU.ActiveCfg = Release|Any CPU
		{7A8BFB12-7310-4F4B-AB59-6DC1100BEC69}.Release|Any CPU.Build.0 = Release|Any CPU
	EndGlobalSection
	GlobalSection(SolutionProperties) = preSolution
		HideSolutionNode = FALSE
	EndGlobalSection
	GlobalSection(ExtensibilityGlobals) = postSolution
		SolutionGuid = {F2B8481E-73B6-4636-8F3E-84A4F5E32A8F}
	EndGlobalSection
EndGlobal
